
Microsoft Visual Studio Solution File, Format Version 12.00
# Visual Studio Version 17
VisualStudioVersion = 17.4.33103.184
MinimumVisualStudioVersion = 10.0.40219.1
Project("{FAE04EC0-301F-11D3-BF4B-00C04F79EFBC}") = "NowNotes Windows", "NowNotes Windows\NowNotes Windows.csproj", "{3A0291B8-4BC8-4404-964E-71B82C970B94}"
EndProject
Global
	GlobalSection(SolutionConfigurationPlatforms) = preSolution
		Debug|Any CPU = Debug|Any CPU
		Release|Any CPU = Release|Any CPU
	EndGlobalSection
	GlobalSection(ProjectConfigurationPlatforms) = postSolution
		{3A0291B8-4BC8-4404-964E-71B82C970B94}.Debug|Any CPU.ActiveCfg = Debug|Any CPU
		{3A0291B8-4BC8-4404-964E-71B82C970B94}.Debug|Any CPU.Build.0 = Debug|Any CPU
		{3A0291B8-4BC8-4404-964E-71B82C970B94}.Release|Any CPU.ActiveCfg = Release|Any CPU
		{3A0291B8-4BC8-4404-964E-71B82C970B94}.Release|Any CPU.Build.0 = Release|Any CPU
	EndGlobalSection
	GlobalSection(SolutionProperties) = preSolution
		HideSolutionNode = FALSE
	EndGlobalSection
	GlobalSection(ExtensibilityGlobals) = postSolution
		SolutionGuid = {99F75B3A-801A-426F-A14D-13FAC9D5DAE8}
	EndGlobalSection
EndGlobal
